
Microsoft Visual Studio Solution File, Format Version 12.00
# Visual Studio Version 16
VisualStudioVersion = 16.0.31205.134
MinimumVisualStudioVersion = 10.0.40219.1
Project("{9A19103F-16F7-4668-BE54-9A1E7A4F7556}") = "DapperSqlParser", "DapperSqlParser\DapperSqlParser.csproj", "{A0DBA5AD-A3E1-4283-B47A-876A7F1567BF}"
EndProject
Project("{9A19103F-16F7-4668-BE54-9A1E7A4F7556}") = "DapperSqlParser.Tests", "DapperSqlParser.Tests\DapperSqlParser.Tests.csproj", "{A72AFDF3-5C47-4C21-A705-029ED83FE77A}"
EndProject
Project("{9A19103F-16F7-4668-BE54-9A1E7A4F7556}") = "DapperSqlParser.TestRepository", "DapperSqlParser.TestRepository\DapperSqlParser.TestRepository.csproj", "{424456B8-BA92-41A8-92AD-24F8FE55FC90}"
EndProject
Project("{9A19103F-16F7-4668-BE54-9A1E7A4F7556}") = "DapperSqlParser.TestRepository.IntegrationTest", "DapperSqlParser.TestRepository.IntegrationTest\DapperSqlParser.TestRepository.IntegrationTest.csproj", "{523F9A03-E84F-4274-9372-3F0D01120C63}"
EndProject
Project("{FAE04EC0-301F-11D3-BF4B-00C04F79EFBC}") = "DapperSqlParser.WindowsApplication", "DapperSqlParser.WindowsApplication\DapperSqlParser.WindowsApplication.csproj", "{7AE3BEDB-E4F2-4255-BCEF-BC8DD6DDB29A}"
EndProject
Global
	GlobalSection(SolutionConfigurationPlatforms) = preSolution
		Debug|Any CPU = Debug|Any CPU
		Release|Any CPU = Release|Any CPU
	EndGlobalSection
	GlobalSection(ProjectConfigurationPlatforms) = postSolution
		{A0DBA5AD-A3E1-4283-B47A-876A7F1567BF}.Debug|Any CPU.ActiveCfg = Debug|Any CPU
		{A0DBA5AD-A3E1-4283-B47A-876A7F1567BF}.Debug|Any CPU.Build.0 = Debug|Any CPU
		{A0DBA5AD-A3E1-4283-B47A-876A7F1567BF}.Release|Any CPU.ActiveCfg = Release|Any CPU
		{A0DBA5AD-A3E1-4283-B47A-876A7F1567BF}.Release|Any CPU.Build.0 = Release|Any CPU
		{A72AFDF3-5C47-4C21-A705-029ED83FE77A}.Debug|Any CPU.ActiveCfg = Debug|Any CPU
		{A72AFDF3-5C47-4C21-A705-029ED83FE77A}.Debug|Any CPU.Build.0 = Debug|Any CPU
		{A72AFDF3-5C47-4C21-A705-029ED83FE77A}.Release|Any CPU.ActiveCfg = Release|Any CPU
		{A72AFDF3-5C47-4C21-A705-029ED83FE77A}.Release|Any CPU.Build.0 = Release|Any CPU
		{424456B8-BA92-41A8-92AD-24F8FE55FC90}.Debug|Any CPU.ActiveCfg = Debug|Any CPU
		{424456B8-BA92-41A8-92AD-24F8FE55FC90}.Debug|Any CPU.Build.0 = Debug|Any CPU
		{424456B8-BA92-41A8-92AD-24F8FE55FC90}.Release|Any CPU.ActiveCfg = Release|Any CPU
		{424456B8-BA92-41A8-92AD-24F8FE55FC90}.Release|Any CPU.Build.0 = Release|Any CPU
		{523F9A03-E84F-4274-9372-3F0D01120C63}.Debug|Any CPU.ActiveCfg = Debug|Any CPU
		{523F9A03-E84F-4274-9372-3F0D01120C63}.Debug|Any CPU.Build.0 = Debug|Any CPU
		{523F9A03-E84F-4274-9372-3F0D01120C63}.Release|Any CPU.ActiveCfg = Release|Any CPU
		{523F9A03-E84F-4274-9372-3F0D01120C63}.Release|Any CPU.Build.0 = Release|Any CPU
		{7AE3BEDB-E4F2-4255-BCEF-BC8DD6DDB29A}.Debug|Any CPU.ActiveCfg = Debug|Any CPU
		{7AE3BEDB-E4F2-4255-BCEF-BC8DD6DDB29A}.Debug|Any CPU.Build.0 = Debug|Any CPU
		{7AE3BEDB-E4F2-4255-BCEF-BC8DD6DDB29A}.Release|Any CPU.ActiveCfg = Release|Any CPU
		{7AE3BEDB-E4F2-4255-BCEF-BC8DD6DDB29A}.Release|Any CPU.Build.0 = Release|Any CPU
	EndGlobalSection
	GlobalSection(SolutionProperties) = preSolution
		HideSolutionNode = FALSE
	EndGlobalSection
	GlobalSection(ExtensibilityGlobals) = postSolution
		SolutionGuid = {064D3214-D2E5-4872-A9B0-16E905C8F1BD}
	EndGlobalSection
EndGlobal
